Microsoft Visual Studio Solution File, Format Version 11.00
# Visual Studio 2008

Project("{AC5F28B4-AD50-62B2-D07C-158E0880692E}") = "Reaching-Universalis", "Assembly-CSharp.csproj", "{B4F227AF-A388-3C92-B679-156CEAEEF7FF}"
EndProject
Global
	GlobalSection(SolutionConfigurationPlatforms) = preSolution
		Debug|Any CPU = Debug|Any CPU
		Release|Any CPU = Release|Any CPU
	EndGlobalSection
	GlobalSection(ProjectConfigurationPlatforms) = postSolution
		{B4F227AF-A388-3C92-B679-156CEAEEF7FF}.Debug|Any CPU.ActiveCfg = Debug|Any CPU
		{B4F227AF-A388-3C92-B679-156CEAEEF7FF}.Debug|Any CPU.Build.0 = Debug|Any CPU
		{B4F227AF-A388-3C92-B679-156CEAEEF7FF}.Release|Any CPU.ActiveCfg = Release|Any CPU
		{B4F227AF-A388-3C92-B679-156CEAEEF7FF}.Release|Any CPU.Build.0 = Release|Any CPU
	EndGlobalSection
	GlobalSection(SolutionProperties) = preSolution
		HideSolutionNode = FALSE
	EndGlobalSection
	GlobalSection(MonoDevelopProperties) = preSolution
		StartupItem = Assembly-CSharp.csproj
	EndGlobalSection
EndGlobal
